
Microsoft Visual Studio Solution File, Format Version 12.00
# Visual Studio 15
VisualStudioVersion = 15.0.27428.2015
MinimumVisualStudioVersion = 10.0.40219.1
Project("{FAE04EC0-301F-11D3-BF4B-00C04F79EFBC}") = "GM.Processing", "GM.Processing\GM.Processing.csproj", "{F8ABF3B1-2C96-475C-9062-1E79D50CD9D8}"
EndProject
Project("{FAE04EC0-301F-11D3-BF4B-00C04F79EFBC}") = "GM.Processing.Examples", "GM.Processing.Examples\GM.Processing.Examples.csproj", "{847036F2-839B-49A7-885B-1E6289D15893}"
EndProject
Project("{FAE04EC0-301F-11D3-BF4B-00C04F79EFBC}") = "GM.Processing.Test", "GM.Processing.Test\GM.Processing.Test.csproj", "{B701724B-AE55-4043-B073-EE4F02ACB129}"
EndProject
Global
	GlobalSection(SolutionConfigurationPlatforms) = preSolution
		Debug|Any CPU = Debug|Any CPU
		Release|Any CPU = Release|Any CPU
	EndGlobalSection
	GlobalSection(ProjectConfigurationPlatforms) = postSolution
		{F8ABF3B1-2C96-475C-9062-1E79D50CD9D8}.Debug|Any CPU.ActiveCfg = Debug|Any CPU
		{F8ABF3B1-2C96-475C-9062-1E79D50CD9D8}.Debug|Any CPU.Build.0 = Debug|Any CPU
		{F8ABF3B1-2C96-475C-9062-1E79D50CD9D8}.Release|Any CPU.ActiveCfg = Release|Any CPU
		{F8ABF3B1-2C96-475C-9062-1E79D50CD9D8}.Release|Any CPU.Build.0 = Release|Any CPU
		{847036F2-839B-49A7-885B-1E6289D15893}.Debug|Any CPU.ActiveCfg = Debug|Any CPU
		{847036F2-839B-49A7-885B-1E6289D15893}.Debug|Any CPU.Build.0 = Debug|Any CPU
		{847036F2-839B-49A7-885B-1E6289D15893}.Release|Any CPU.ActiveCfg = Debug|Any CPU
		{847036F2-839B-49A7-885B-1E6289D15893}.Release|Any CPU.Build.0 = Debug|Any CPU
		{B701724B-AE55-4043-B073-EE4F02ACB129}.Debug|Any CPU.ActiveCfg = Debug|Any CPU
		{B701724B-AE55-4043-B073-EE4F02ACB129}.Debug|Any CPU.Build.0 = Debug|Any CPU
		{B701724B-AE55-4043-B073-EE4F02ACB129}.Release|Any CPU.ActiveCfg = Debug|Any CPU
		{B701724B-AE55-4043-B073-EE4F02ACB129}.Release|Any CPU.Build.0 = Debug|Any CPU
	EndGlobalSection
	GlobalSection(SolutionProperties) = preSolution
		HideSolutionNode = FALSE
	EndGlobalSection
	GlobalSection(ExtensibilityGlobals) = postSolution
		SolutionGuid = {FC09D6A6-5C06-4C92-AF4C-6B4EF48B333A}
	EndGlobalSection
EndGlobal
